
Microsoft Visual Studio Solution File, Format Version 12.00
# Visual Studio 15
VisualStudioVersion = 15.0.28307.136
MinimumVisualStudioVersion = 10.0.40219.1
Project("{FAE04EC0-301F-11D3-BF4B-00C04F79EFBC}") = "Map", "Map\Map.csproj", "{B4054C1A-1A1B-4C90-B856-C1D5E66D5CDE}"
EndProject
Global
	GlobalSection(SolutionConfigurationPlatforms) = preSolution
		Debug|Any CPU = Debug|Any CPU
		Release|Any CPU = Release|Any CPU
	EndGlobalSection
	GlobalSection(ProjectConfigurationPlatforms) = postSolution
		{B4054C1A-1A1B-4C90-B856-C1D5E66D5CDE}.Debug|Any CPU.ActiveCfg = Debug|Any CPU
		{B4054C1A-1A1B-4C90-B856-C1D5E66D5CDE}.Debug|Any CPU.Build.0 = Debug|Any CPU
		{B4054C1A-1A1B-4C90-B856-C1D5E66D5CDE}.Release|Any CPU.ActiveCfg = Release|Any CPU
		{B4054C1A-1A1B-4C90-B856-C1D5E66D5CDE}.Release|Any CPU.Build.0 = Release|Any CPU
	EndGlobalSection
	GlobalSection(SolutionProperties) = preSolution
		HideSolutionNode = FALSE
	EndGlobalSection
	GlobalSection(ExtensibilityGlobals) = postSolution
		SolutionGuid = {B9C6BB9F-31CB-448B-9B06-EA7D6D47B4BE}
	EndGlobalSection
EndGlobal
